
Microsoft Visual Studio Solution File, Format Version 12.00
# Visual Studio 14
VisualStudioVersion = 14.0.25420.1
MinimumVisualStudioVersion = 10.0.40219.1
Project("{FAE04EC0-301F-11D3-BF4B-00C04F79EFBC}") = "XlsxStream", "XlsxStream\XlsxStream.csproj", "{D4D7F55C-DCEC-41A7-BFAC-4205594F8933}"
EndProject
Project("{FAE04EC0-301F-11D3-BF4B-00C04F79EFBC}") = "XlsxStream.Tests", "XlsxStream.Tests\XlsxStream.Tests.csproj", "{28DF4FA1-37E6-4607-87D8-ACF0B8647B2E}"
EndProject
Global
	GlobalSection(SolutionConfigurationPlatforms) = preSolution
		Debug|Any CPU = Debug|Any CPU
		Release|Any CPU = Release|Any CPU
	EndGlobalSection
	GlobalSection(ProjectConfigurationPlatforms) = postSolution
		{D4D7F55C-DCEC-41A7-BFAC-4205594F8933}.Debug|Any CPU.ActiveCfg = Debug|Any CPU
		{D4D7F55C-DCEC-41A7-BFAC-4205594F8933}.Debug|Any CPU.Build.0 = Debug|Any CPU
		{D4D7F55C-DCEC-41A7-BFAC-4205594F8933}.Release|Any CPU.ActiveCfg = Release|Any CPU
		{D4D7F55C-DCEC-41A7-BFAC-4205594F8933}.Release|Any CPU.Build.0 = Release|Any CPU
		{28DF4FA1-37E6-4607-87D8-ACF0B8647B2E}.Debug|Any CPU.ActiveCfg = Debug|Any CPU
		{28DF4FA1-37E6-4607-87D8-ACF0B8647B2E}.Debug|Any CPU.Build.0 = Debug|Any CPU
		{28DF4FA1-37E6-4607-87D8-ACF0B8647B2E}.Release|Any CPU.ActiveCfg = Release|Any CPU
		{28DF4FA1-37E6-4607-87D8-ACF0B8647B2E}.Release|Any CPU.Build.0 = Release|Any CPU
	EndGlobalSection
	GlobalSection(SolutionProperties) = preSolution
		HideSolutionNode = FALSE
	EndGlobalSection
EndGlobal
